
Microsoft Visual Studio Solution File, Format Version 12.00
# Visual Studio Version 17
VisualStudioVersion = 17.4.33213.308
MinimumVisualStudioVersion = 10.0.40219.1
Project("{FAE04EC0-301F-11D3-BF4B-00C04F79EFBC}") = "WebApplicationSample", "WebApplicationSample\WebApplicationSample.csproj", "{E0FD92BE-8003-4D17-AE07-FEA8B0765203}"
EndProject
Project("{FAE04EC0-301F-11D3-BF4B-00C04F79EFBC}") = "EmployeesWebApplication", "EmployeesWebApplication\EmployeesWebApplication.csproj", "{7D0481CC-3FC6-4D03-A6AA-500244689AC3}"
EndProject
Global
	GlobalSection(SolutionConfigurationPlatforms) = preSolution
		Debug|Any CPU = Debug|Any CPU
		Release|Any CPU = Release|Any CPU
	EndGlobalSection
	GlobalSection(ProjectConfigurationPlatforms) = postSolution
		{E0FD92BE-8003-4D17-AE07-FEA8B0765203}.Debug|Any CPU.ActiveCfg = Debug|Any CPU
		{E0FD92BE-8003-4D17-AE07-FEA8B0765203}.Debug|Any CPU.Build.0 = Debug|Any CPU
		{E0FD92BE-8003-4D17-AE07-FEA8B0765203}.Release|Any CPU.ActiveCfg = Release|Any CPU
		{E0FD92BE-8003-4D17-AE07-FEA8B0765203}.Release|Any CPU.Build.0 = Release|Any CPU
		{7D0481CC-3FC6-4D03-A6AA-500244689AC3}.Debug|Any CPU.ActiveCfg = Debug|Any CPU
		{7D0481CC-3FC6-4D03-A6AA-500244689AC3}.Debug|Any CPU.Build.0 = Debug|Any CPU
		{7D0481CC-3FC6-4D03-A6AA-500244689AC3}.Release|Any CPU.ActiveCfg = Release|Any CPU
		{7D0481CC-3FC6-4D03-A6AA-500244689AC3}.Release|Any CPU.Build.0 = Release|Any CPU
	EndGlobalSection
	GlobalSection(SolutionProperties) = preSolution
		HideSolutionNode = FALSE
	EndGlobalSection
	GlobalSection(ExtensibilityGlobals) = postSolution
		SolutionGuid = {4005B058-60BC-4D88-A9AA-CA94CB0812FD}
	EndGlobalSection
EndGlobal
